
Microsoft Visual Studio Solution File, Format Version 12.00
# Visual Studio Version 17
VisualStudioVersion = 17.7.34031.279
MinimumVisualStudioVersion = 10.0.40219.1
Project("{2150E333-8FDC-42A3-9474-1A3956D46DE8}") = "FrontEnd", "FrontEnd", "{902524BF-CBEF-41FD-8BE2-04F634F39850}"
EndProject
Project("{2150E333-8FDC-42A3-9474-1A3956D46DE8}") = "Services", "Services", "{778045AD-FAE7-4152-8F3F-E663D85BB5A6}"
EndProject
Project("{9A19103F-16F7-4668-BE54-9A1E7A4F7556}") = "LojaShopping.Web", "LojaShopping.Web\LojaShopping.Web.csproj", "{460766BA-60DE-457A-AD40-804940DD32E5}"
EndProject
Project("{9A19103F-16F7-4668-BE54-9A1E7A4F7556}") = "LojaShopping.ProductAPI", "LojaShopping.ProductAPI\LojaShopping.ProductAPI.csproj", "{18387025-7E1D-4AF9-8B64-4C93496D79A1}"
EndProject
Project("{9A19103F-16F7-4668-BE54-9A1E7A4F7556}") = "LojaShopping.IdentityServer", "LojaShopping.IdentityServer\LojaShopping.IdentityServer.csproj", "{53CF95E2-1DA2-4982-B1B2-323FD2E932CA}"
EndProject
Project("{FAE04EC0-301F-11D3-BF4B-00C04F79EFBC}") = "LojaShopping.CartAPI", "LojaShopping.CartAPI\LojaShopping.CartAPI.csproj", "{16D65F04-E16C-4BB8-9EC3-8DD0520FA478}"
EndProject
Global
	GlobalSection(SolutionConfigurationPlatforms) = preSolution
		Debug|Any CPU = Debug|Any CPU
		Release|Any CPU = Release|Any CPU
	EndGlobalSection
	GlobalSection(ProjectConfigurationPlatforms) = postSolution
		{460766BA-60DE-457A-AD40-804940DD32E5}.Debug|Any CPU.ActiveCfg = Debug|Any CPU
		{460766BA-60DE-457A-AD40-804940DD32E5}.Debug|Any CPU.Build.0 = Debug|Any CPU
		{460766BA-60DE-457A-AD40-804940DD32E5}.Release|Any CPU.ActiveCfg = Release|Any CPU
		{460766BA-60DE-457A-AD40-804940DD32E5}.Release|Any CPU.Build.0 = Release|Any CPU
		{18387025-7E1D-4AF9-8B64-4C93496D79A1}.Debug|Any CPU.ActiveCfg = Debug|Any CPU
		{18387025-7E1D-4AF9-8B64-4C93496D79A1}.Debug|Any CPU.Build.0 = Debug|Any CPU
		{18387025-7E1D-4AF9-8B64-4C93496D79A1}.Release|Any CPU.ActiveCfg = Release|Any CPU
		{18387025-7E1D-4AF9-8B64-4C93496D79A1}.Release|Any CPU.Build.0 = Release|Any CPU
		{53CF95E2-1DA2-4982-B1B2-323FD2E932CA}.Debug|Any CPU.ActiveCfg = Debug|Any CPU
		{53CF95E2-1DA2-4982-B1B2-323FD2E932CA}.Debug|Any CPU.Build.0 = Debug|Any CPU
		{53CF95E2-1DA2-4982-B1B2-323FD2E932CA}.Release|Any CPU.ActiveCfg = Release|Any CPU
		{53CF95E2-1DA2-4982-B1B2-323FD2E932CA}.Release|Any CPU.Build.0 = Release|Any CPU
		{16D65F04-E16C-4BB8-9EC3-8DD0520FA478}.Debug|Any CPU.ActiveCfg = Debug|Any CPU
		{16D65F04-E16C-4BB8-9EC3-8DD0520FA478}.Debug|Any CPU.Build.0 = Debug|Any CPU
		{16D65F04-E16C-4BB8-9EC3-8DD0520FA478}.Release|Any CPU.ActiveCfg = Release|Any CPU
		{16D65F04-E16C-4BB8-9EC3-8DD0520FA478}.Release|Any CPU.Build.0 = Release|Any CPU
	EndGlobalSection
	GlobalSection(SolutionProperties) = preSolution
		HideSolutionNode = FALSE
	EndGlobalSection
	GlobalSection(NestedProjects) = preSolution
		{460766BA-60DE-457A-AD40-804940DD32E5} = {902524BF-CBEF-41FD-8BE2-04F634F39850}
		{18387025-7E1D-4AF9-8B64-4C93496D79A1} = {778045AD-FAE7-4152-8F3F-E663D85BB5A6}
		{53CF95E2-1DA2-4982-B1B2-323FD2E932CA} = {778045AD-FAE7-4152-8F3F-E663D85BB5A6}
		{16D65F04-E16C-4BB8-9EC3-8DD0520FA478} = {778045AD-FAE7-4152-8F3F-E663D85BB5A6}
	EndGlobalSection
	GlobalSection(ExtensibilityGlobals) = postSolution
		SolutionGuid = {1FFFAEA8-0281-4D7E-B498-2504A2B64AC8}
	EndGlobalSection
EndGlobal
